
Microsoft Visual Studio Solution File, Format Version 12.00
# Visual Studio Version 16
VisualStudioVersion = 16.0.32228.343
MinimumVisualStudioVersion = 10.0.40219.1
Project("{FAE04EC0-301F-11D3-BF4B-00C04F79EFBC}") = "RMDataManager", "RMDataManager\RMDataManager.csproj", "{A5629340-6820-4047-A12C-964CB4362FEE}"
EndProject
Global
	GlobalSection(SolutionConfigurationPlatforms) = preSolution
		Debug|Any CPU = Debug|Any CPU
		Release|Any CPU = Release|Any CPU
	EndGlobalSection
	GlobalSection(ProjectConfigurationPlatforms) = postSolution
		{A5629340-6820-4047-A12C-964CB4362FEE}.Debug|Any CPU.ActiveCfg = Debug|Any CPU
		{A5629340-6820-4047-A12C-964CB4362FEE}.Debug|Any CPU.Build.0 = Debug|Any CPU
		{A5629340-6820-4047-A12C-964CB4362FEE}.Release|Any CPU.ActiveCfg = Release|Any CPU
		{A5629340-6820-4047-A12C-964CB4362FEE}.Release|Any CPU.Build.0 = Release|Any CPU
	EndGlobalSection
	GlobalSection(SolutionProperties) = preSolution
		HideSolutionNode = FALSE
	EndGlobalSection
	GlobalSection(ExtensibilityGlobals) = postSolution
		SolutionGuid = {8B8AAC2F-75F5-480F-B74F-89E22BBBCEAB}
	EndGlobalSection
EndGlobal
